# This file is automatically @generated by Cargo.
# It is not intended for manual editing.
version = 4

[[package]]
name = "rust-echo-server"
version = "0.1.0"
dependencies = [
 "windows",
]

[[package]]
name = "windows"
version = "0.100.0"
source = "git+https://github.com/microsoft/windows-rs?rev=b0f55a720bb4e0942b048db9c9497bafa26526a0#b0f55a720bb4e0942b048db9c9497bafa26526a0"
dependencies = [
 "windows-collections",
 "windows-core",
 "windows-future",
 "windows-numerics",
 "windows-reference",
 "windows-time",
]

[[package]]
name = "windows-collections"
version = "0.100.0"
source = "git+https://github.com/microsoft/windows-rs?rev=b0f55a720bb4e0942b048db9c9497bafa26526a0#b0f55a720bb4e0942b048db9c9497bafa26526a0"
dependencies = [
 "windows-core",
]

[[package]]
name = "windows-core"
version = "0.100.0"
source = "git+https://github.com/microsoft/windows-rs?rev=b0f55a720bb4e0942b048db9c9497bafa26526a0#b0f55a720bb4e0942b048db9c9497bafa26526a0"
dependencies = [
 "windows-link",
 "windows-result",
 "windows-strings",
]

[[package]]
name = "windows-future"
version = "0.100.0"
source = "git+https://github.com/microsoft/windows-rs?rev=b0f55a720bb4e0942b048db9c9497bafa26526a0#b0f55a720bb4e0942b048db9c9497bafa26526a0"
dependencies = [
 "windows-core",
 "windows-link",
 "windows-threading",
]

[[package]]
name = "windows-link"
version = "0.100.0"
source = "git+https://github.com/microsoft/windows-rs?rev=b0f55a720bb4e0942b048db9c9497bafa26526a0#b0f55a720bb4e0942b048db9c9497bafa26526a0"

[[package]]
name = "windows-numerics"
version = "0.100.0"
source = "git+https://github.com/microsoft/windows-rs?rev=b0f55a720bb4e0942b048db9c9497bafa26526a0#b0f55a720bb4e0942b048db9c9497bafa26526a0"
dependencies = [
 "windows-core",
]

[[package]]
name = "windows-reference"
version = "0.100.0"
source = "git+https://github.com/microsoft/windows-rs?rev=b0f55a720bb4e0942b048db9c9497bafa26526a0#b0f55a720bb4e0942b048db9c9497bafa26526a0"
dependencies = [
 "windows-core",
 "windows-time",
]

[[package]]
name = "windows-result"
version = "0.100.0"
source = "git+https://github.com/microsoft/windows-rs?rev=b0f55a720bb4e0942b048db9c9497bafa26526a0#b0f55a720bb4e0942b048db9c9497bafa26526a0"
dependencies = [
 "windows-link",
]

[[package]]
name = "windows-strings"
version = "0.100.0"
source = "git+https://github.com/microsoft/windows-rs?rev=b0f55a720bb4e0942b048db9c9497bafa26526a0#b0f55a720bb4e0942b048db9c9497bafa26526a0"
dependencies = [
 "windows-link",
]

[[package]]
name = "windows-threading"
version = "0.100.0"
source = "git+https://github.com/microsoft/windows-rs?rev=b0f55a720bb4e0942b048db9c9497bafa26526a0#b0f55a720bb4e0942b048db9c9497bafa26526a0"
dependencies = [
 "windows-link",
]

[[package]]
name = "windows-time"
version = "0.100.0"
source = "git+https://github.com/microsoft/windows-rs?rev=b0f55a720bb4e0942b048db9c9497bafa26526a0#b0f55a720bb4e0942b048db9c9497bafa26526a0"
dependencies = [
 "windows-core",
]
